
Microsoft Visual Studio Solution File, Format Version 12.00
# Visual Studio Version 17
VisualStudioVersion = 17.14.36414.22 d17.14
MinimumVisualStudioVersion = 10.0.40219.1
Project("{FAE04EC0-301F-11D3-BF4B-00C04F79EFBC}") = "KinematicsZeroTwo", "KinematicsZeroTwo.csproj", "{7A00AC46-659D-4BAC-9976-7049C30AD171}"
EndProject
Global
	GlobalSection(SolutionConfigurationPlatforms) = preSolution
		Debug|Any CPU = Debug|Any CPU
		Release|Any CPU = Release|Any CPU
	EndGlobalSection
	GlobalSection(ProjectConfigurationPlatforms) = postSolution
		{7A00AC46-659D-4BAC-9976-7049C30AD171}.Debug|Any CPU.ActiveCfg = Debug|Any CPU
		{7A00AC46-659D-4BAC-9976-7049C30AD171}.Debug|Any CPU.Build.0 = Debug|Any CPU
		{7A00AC46-659D-4BAC-9976-7049C30AD171}.Release|Any CPU.ActiveCfg = Release|Any CPU
		{7A00AC46-659D-4BAC-9976-7049C30AD171}.Release|Any CPU.Build.0 = Release|Any CPU
	EndGlobalSection
	GlobalSection(SolutionProperties) = preSolution
		HideSolutionNode = FALSE
	EndGlobalSection
	GlobalSection(ExtensibilityGlobals) = postSolution
		SolutionGuid = {2B45164C-3FFD-4CC7-A86B-A7F3CEAAE6E0}
	EndGlobalSection
EndGlobal
